
Microsoft Visual Studio Solution File, Format Version 12.00
# Visual Studio Version 17
VisualStudioVersion = 17.2.32602.215
MinimumVisualStudioVersion = 10.0.40219.1
Project("{9A19103F-16F7-4668-BE54-9A1E7A4F7556}") = "Pathfinding", "Pathfinding\Pathfinding.csproj", "{34A09506-FBDB-469E-B960-EC7BEC9DE052}"
EndProject
Project("{FAE04EC0-301F-11D3-BF4B-00C04F79EFBC}") = "Test.Pathfinding", "Test.Pathfinding\Test.Pathfinding.csproj", "{ED2BBEEB-ADCF-4BDC-909D-F39AB576C6CA}"
EndProject
Project("{FAE04EC0-301F-11D3-BF4B-00C04F79EFBC}") = "Pathfindindg.app", "Pathfindindg.app\Pathfindindg.app.csproj", "{23F2EBD1-A21F-4055-9538-98539939C4AD}"
EndProject
Global
	GlobalSection(SolutionConfigurationPlatforms) = preSolution
		Debug|Any CPU = Debug|Any CPU
		Release|Any CPU = Release|Any CPU
	EndGlobalSection
	GlobalSection(ProjectConfigurationPlatforms) = postSolution
		{34A09506-FBDB-469E-B960-EC7BEC9DE052}.Debug|Any CPU.ActiveCfg = Debug|Any CPU
		{34A09506-FBDB-469E-B960-EC7BEC9DE052}.Debug|Any CPU.Build.0 = Debug|Any CPU
		{34A09506-FBDB-469E-B960-EC7BEC9DE052}.Release|Any CPU.ActiveCfg = Release|Any CPU
		{34A09506-FBDB-469E-B960-EC7BEC9DE052}.Release|Any CPU.Build.0 = Release|Any CPU
		{ED2BBEEB-ADCF-4BDC-909D-F39AB576C6CA}.Debug|Any CPU.ActiveCfg = Debug|Any CPU
		{ED2BBEEB-ADCF-4BDC-909D-F39AB576C6CA}.Debug|Any CPU.Build.0 = Debug|Any CPU
		{ED2BBEEB-ADCF-4BDC-909D-F39AB576C6CA}.Release|Any CPU.ActiveCfg = Release|Any CPU
		{ED2BBEEB-ADCF-4BDC-909D-F39AB576C6CA}.Release|Any CPU.Build.0 = Release|Any CPU
		{23F2EBD1-A21F-4055-9538-98539939C4AD}.Debug|Any CPU.ActiveCfg = Debug|Any CPU
		{23F2EBD1-A21F-4055-9538-98539939C4AD}.Debug|Any CPU.Build.0 = Debug|Any CPU
		{23F2EBD1-A21F-4055-9538-98539939C4AD}.Release|Any CPU.ActiveCfg = Release|Any CPU
		{23F2EBD1-A21F-4055-9538-98539939C4AD}.Release|Any CPU.Build.0 = Release|Any CPU
	EndGlobalSection
	GlobalSection(SolutionProperties) = preSolution
		HideSolutionNode = FALSE
	EndGlobalSection
	GlobalSection(ExtensibilityGlobals) = postSolution
		SolutionGuid = {3805629E-A89E-4F24-84F2-CFE2752C26C5}
	EndGlobalSection
EndGlobal
